// !$*UTF8*$!
{
	archiveVersion = 1;
	classes = {
	};
	objectVersion = 46;
	objects = {

/* Begin PBXBuildFile section */
		0207DA581B56EA530066E2B4 /* Images.xcassets in Resources */ = {isa = PBXBuildFile; fileRef = 0207DA571B56EA530066E2B4 /* Images.xcassets */; };
		0FAAE6E037FE4943BB25D227 /* UNUserNotificationCenter+OneSignal.m in Sources */ = {isa = PBXBuildFile; fileRef = 511572057AA74970B215E336 /* UNUserNotificationCenter+OneSignal.m */; };
		10E4C7E234C5449EB6B4281F /* CDVCamera.m in Sources */ = {isa = PBXBuildFile; fileRef = 7645E890AAAC4D23A71A2ADB /* CDVCamera.m */; };
		11C9B05ED1F64BC3A79396FC /* OneSignalTracker.m in Sources */ = {isa = PBXBuildFile; fileRef = 25CCBC37B04145A6B4FE58E6 /* OneSignalTracker.m */; };
		13053074DD494086AAEAEE5D /* AVFoundation.framework in Frameworks */ = {isa = PBXBuildFile; fileRef = 0D4C8E9966914B449DEF09BF /* AVFoundation.framework */; };
		16E5D8781D344E309242B527 /* CDVCapture.m in Sources */ = {isa = PBXBuildFile; fileRef = 1016650A86834D9DAB53E001 /* CDVCapture.m */; };
		1815BAD620784D85B59DC0F4 /* CDVLocalFilesystem.m in Sources */ = {isa = PBXBuildFile; fileRef = AD46DC6564934F6A8FD977B0 /* CDVLocalFilesystem.m */; };
		19637804DEC24244901E9CC8 /* OneSignal.m in Sources */ = {isa = PBXBuildFile; fileRef = 5F676FDB8BDE4DCA81FAED0F /* OneSignal.m */; };
		1D3623260D0F684500981E51 /* AppDelegate.m in Sources */ = {isa = PBXBuildFile; fileRef = 1D3623250D0F684500981E51 /* AppDelegate.m */; };
		1D60589B0D05DD56006BFB54 /* main.m in Sources */ = {isa = PBXBuildFile; fileRef = 29B97316FDCFA39411CA2CEA /* main.m */; };
		1FE0D6D68409425A95F57E94 /* CDVAssetLibraryFilesystem.m in Sources */ = {isa = PBXBuildFile; fileRef = F031E4CD536F4637AF34D007 /* CDVAssetLibraryFilesystem.m */; };
		301BF552109A68D80062928A /* libCordova.a in Frameworks */ = {isa = PBXBuildFile; fileRef = 301BF535109A57CC0062928A /* libCordova.a */; };
		302D95F114D2391D003F00A1 /* MainViewController.m in Sources */ = {isa = PBXBuildFile; fileRef = 302D95EF14D2391D003F00A1 /* MainViewController.m */; };
		302D95F214D2391D003F00A1 /* MainViewController.xib in Resources */ = {isa = PBXBuildFile; fileRef = 302D95F014D2391D003F00A1 /* MainViewController.xib */; };
		3410DAB4D8154E8FA44D5244 /* CDVJpegHeaderWriter.m in Sources */ = {isa = PBXBuildFile; fileRef = 2A2890BDF7314228BA56F6FB /* CDVJpegHeaderWriter.m */; };
		3CD88005C90C4D86A34F62D4 /* CDVCompass.m in Sources */ = {isa = PBXBuildFile; fileRef = A9C1E82A913644B3915C5DC1 /* CDVCompass.m */; };
		3D1F5907FAD14FD8AF1D3AD8 /* OneSignalJailbreakDetection.m in Sources */ = {isa = PBXBuildFile; fileRef = 3218AF5D6FA348F0BB5796D6 /* OneSignalJailbreakDetection.m */; };
		3D90C2FC4A6740B193A5A282 /* LocalAuthentication.framework in Frameworks */ = {isa = PBXBuildFile; fileRef = 31351F53B03147899EE058C2 /* LocalAuthentication.framework */; };
		53D13B75B0B3430E92C29568 /* SystemConfiguration.framework in Frameworks */ = {isa = PBXBuildFile; fileRef = FE23648AAE0E4E4BB917B168 /* SystemConfiguration.framework */; };
		63DFCEDBC6114E80B8D7062D /* OneSignalHelper.m in Sources */ = {isa = PBXBuildFile; fileRef = C940C0CA7E774927B6A9DE7D /* OneSignalHelper.m */; };
		649E710ECE9C46D2985BE826 /* TouchID.m in Sources */ = {isa = PBXBuildFile; fileRef = D991E8FD10D344368C510351 /* TouchID.m */; };
		6AFF5BF91D6E424B00AB3073 /* CDVLaunchScreen.storyboard in Resources */ = {isa = PBXBuildFile; fileRef = 6AFF5BF81D6E424B00AB3073 /* CDVLaunchScreen.storyboard */; };
		6BEFBC1D22844E1080707857 /* CoreLocation.framework in Frameworks */ = {isa = PBXBuildFile; fileRef = 713F955403CF4EA683B6E34C /* CoreLocation.framework */; };
		73FF153FBD974F3085C1B443 /* OneSignalReachability.m in Sources */ = {isa = PBXBuildFile; fileRef = BA9703ED572942FEB32BFF0E /* OneSignalReachability.m */; };
		7BDCF87CBBFC4D4186BA401E /* ImageIO.framework in Frameworks */ = {isa = PBXBuildFile; fileRef = D41EB4D19B62444CADA8B718 /* ImageIO.framework */; settings = {ATTRIBUTES = (Weak, ); }; };
		9158F89D0F3D4BE39CA036D9 /* CDVGyroscope.m in Sources */ = {isa = PBXBuildFile; fileRef = 379867AD769F4CDF901280D8 /* CDVGyroscope.m */; };
		934AB49FA50344BCB4FB6484 /* OneSignalWebView.m in Sources */ = {isa = PBXBuildFile; fileRef = BB4B1836C1C94EB8AEEFFF53 /* OneSignalWebView.m */; };
		A107A6768E6940DCB6BC40EE /* NSObject+Extras.m in Sources */ = {isa = PBXBuildFile; fileRef = 7E5871D1F04749E2BDF49213 /* NSObject+Extras.m */; };
		A77D1E8D69CF4816B0BAC3D3 /* OneSignalTrackIAP.m in Sources */ = {isa = PBXBuildFile; fileRef = 5116684F47EE46FDB0AD4C07 /* OneSignalTrackIAP.m */; };
		A82AC24B54E24FDB89697C08 /* OneSignalLocation.m in Sources */ = {isa = PBXBuildFile; fileRef = 9F3BCFE8143944B99DA91D1E /* OneSignalLocation.m */; };
		AA6247B3C9A944BFB62CF537 /* NSString+Hash.m in Sources */ = {isa = PBXBuildFile; fileRef = E59A1CFAB36D4778A8939343 /* NSString+Hash.m */; };
		B0687DC8B6B040E9B89F7A1B /* OneSignalPush.m in Sources */ = {isa = PBXBuildFile; fileRef = 2437C858457A4B12B2316285 /* OneSignalPush.m */; };
		B4AA6AF9A7DE4B2D9369ED7C /* UNUserNotificationCenter+OneSignal.h in Sources */ = {isa = PBXBuildFile; fileRef = 2CDD938D999A4841BD3C38D1 /* UNUserNotificationCenter+OneSignal.h */; };
		B6218DC2C6AB4C9D8D792177 /* OneSignalAlertViewDelegate.m in Sources */ = {isa = PBXBuildFile; fileRef = B45ADB9001774CF9BCA96374 /* OneSignalAlertViewDelegate.m */; };
		BB9C3BA3C2B7447180794F84 /* UIImage+CropScaleOrientation.m in Sources */ = {isa = PBXBuildFile; fileRef = DE8696AB9A6E4C9BAE214A4A /* UIImage+CropScaleOrientation.m */; };
		BF612EBBCED54AB29A6D3B85 /* OneSignalPush.h in Sources */ = {isa = PBXBuildFile; fileRef = FDD7032103354C478F4B9C68 /* OneSignalPush.h */; };
		C1529696DDD44328BB0D6815 /* OneSignalMobileProvision.m in Sources */ = {isa = PBXBuildFile; fileRef = D3A226B48D59411C8D776C81 /* OneSignalMobileProvision.m */; };
		C60DE5DE972248C598806EC7 /* OneSignalSelectorHelpers.m in Sources */ = {isa = PBXBuildFile; fileRef = BCC9F2B2B146410190CAE5A6 /* OneSignalSelectorHelpers.m */; };
		C82D7AEAB4AB42BBBD3CC527 /* Security.framework in Frameworks */ = {isa = PBXBuildFile; fileRef = 27AAD0189E1E436FBDE434C0 /* Security.framework */; };
		C94CBD4ADFED42FCA61F854A /* CDVFile.m in Sources */ = {isa = PBXBuildFile; fileRef = 7E99854A2A3E4A949712FD4C /* CDVFile.m */; };
		C95550F9ADBC4D53A920A3D6 /* OneSignalSelectorHelpers.h in Sources */ = {isa = PBXBuildFile; fileRef = A88410C118E445169FAC5E28 /* OneSignalSelectorHelpers.h */; };
		CB341C13337F4F91B5A4938D /* CoreMotion.framework in Frameworks */ = {isa = PBXBuildFile; fileRef = 8E7D61761C4847579426423F /* CoreMotion.framework */; };
		DDB76EEB9D8548138224BB90 /* OneSignalHTTPClient.m in Sources */ = {isa = PBXBuildFile; fileRef = 8D6E830BC799420FB9E09DEB /* OneSignalHTTPClient.m */; };
		E6519E66929840A8B88E4663 /* CDVCapture.bundle in Resources */ = {isa = PBXBuildFile; fileRef = F43C0F68E15B48F89A385B00 /* CDVCapture.bundle */; };
/* End PBXBuildFile section */

/* Begin PBXContainerItemProxy section */
		301BF534109A57CC0062928A /* PBXContainerItemProxy */ = {
			isa = PBXContainerItemProxy;
			containerPortal = 301BF52D109A57CC0062928A /* CordovaLib.xcodeproj */;
			proxyType = 2;
			remoteGlobalIDString = D2AAC07E0554694100DB518D;
			remoteInfo = CordovaLib;
		};
		301BF550109A68C00062928A /* PBXContainerItemProxy */ = {
			isa = PBXContainerItemProxy;
			containerPortal = 301BF52D109A57CC0062928A /* CordovaLib.xcodeproj */;
			proxyType = 1;
			remoteGlobalIDString = D2AAC07D0554694100DB518D;
			remoteInfo = CordovaLib;
		};
/* End PBXContainerItemProxy section */

/* Begin PBXFileReference section */
		0207DA571B56EA530066E2B4 /* Images.xcassets */ = {isa = PBXFileReference; lastKnownFileType = folder.assetcatalog; name = Images.xcassets; path = "Sensor DB/Images.xcassets"; sourceTree = SOURCE_ROOT; };
		0238B7EFA46C44CA9B84EAEE /* CDVJpegHeaderWriter.h */ = {isa = PBXFileReference; explicitFileType = undefined; fileEncoding = 4; includeInIndex = 0; lastKnownFileType = sourcecode.c.h; name = CDVJpegHeaderWriter.h; path = "cordova-plugin-camera/CDVJpegHeaderWriter.h"; sourceTree = "<group>"; };
		0D4C8E9966914B449DEF09BF /* AVFoundation.framework */ = {isa = PBXFileReference; explicitFileType = undefined; fileEncoding = 9; includeInIndex = 0; lastKnownFileType = wrapper.framework; name = AVFoundation.framework; path = System/Library/Frameworks/AVFoundation.framework; sourceTree = SDKROOT; };
		1016650A86834D9DAB53E001 /* CDVCapture.m */ = {isa = PBXFileReference; explicitFileType = undefined; fileEncoding = 4; includeInIndex = 0; lastKnownFileType = sourcecode.c.objc; name = CDVCapture.m; path = "cordova-plugin-media-capture/CDVCapture.m"; sourceTree = "<group>"; };
		139781A4DCD14E7B9E3396BD /* OneSignalWebView.h */ = {isa = PBXFileReference; explicitFileType = undefined; fileEncoding = 4; includeInIndex = 0; lastKnownFileType = sourcecode.c.h; name = OneSignalWebView.h; path = "onesignal-cordova-plugin/OneSignalWebView.h"; sourceTree = "<group>"; };
		1D3623240D0F684500981E51 /* AppDelegate.h */ = {isa = PBXFileReference; fileEncoding = 4; lastKnownFileType = sourcecode.c.h; path = AppDelegate.h; sourceTree = "<group>"; };
		1D3623250D0F684500981E51 /* AppDelegate.m */ = {isa = PBXFileReference; fileEncoding = 4; lastKnownFileType = sourcecode.c.objc; path = AppDelegate.m; sourceTree = "<group>"; };
		1D6058910D05DD3D006BFB54 /* Sensor DB.app */ = {isa = PBXFileReference; explicitFileType = wrapper.application; includeInIndex = 0; path = "Sensor DB.app"; sourceTree = BUILT_PRODUCTS_DIR; };
		230182EE33334A54AE60417D /* OneSignalAlertViewDelegate.h */ = {isa = PBXFileReference; explicitFileType = undefined; fileEncoding = 4; includeInIndex = 0; lastKnownFileType = sourcecode.c.h; name = OneSignalAlertViewDelegate.h; path = "onesignal-cordova-plugin/OneSignalAlertViewDelegate.h"; sourceTree = "<group>"; };
		2437C858457A4B12B2316285 /* OneSignalPush.m */ = {isa = PBXFileReference; explicitFileType = undefined; fileEncoding = 4; includeInIndex = 0; lastKnownFileType = sourcecode.c.objc; name = OneSignalPush.m; path = "onesignal-cordova-plugin/OneSignalPush.m"; sourceTree = "<group>"; };
		25CCBC37B04145A6B4FE58E6 /* OneSignalTracker.m */ = {isa = PBXFileReference; explicitFileType = undefined; fileEncoding = 4; includeInIndex = 0; lastKnownFileType = sourcecode.c.objc; name = OneSignalTracker.m; path = "onesignal-cordova-plugin/OneSignalTracker.m"; sourceTree = "<group>"; };
		264D05DC1EF04FD49BCCAD79 /* CDVGyroscope.h */ = {isa = PBXFileReference; explicitFileType = undefined; fileEncoding = 4; includeInIndex = 0; lastKnownFileType = sourcecode.c.h; name = CDVGyroscope.h; path = "cordova-plugin-gyroscope/CDVGyroscope.h"; sourceTree = "<group>"; };
		27AAD0189E1E436FBDE434C0 /* Security.framework */ = {isa = PBXFileReference; explicitFileType = undefined; fileEncoding = 9; includeInIndex = 0; lastKnownFileType = wrapper.framework; name = Security.framework; path = System/Library/Frameworks/Security.framework; sourceTree = SDKROOT; };
		29B97316FDCFA39411CA2CEA /* main.m */ = {isa = PBXFileReference; fileEncoding = 4; lastKnownFileType = sourcecode.c.objc; path = main.m; sourceTree = "<group>"; };
		2A2890BDF7314228BA56F6FB /* CDVJpegHeaderWriter.m */ = {isa = PBXFileReference; explicitFileType = undefined; fileEncoding = 4; includeInIndex = 0; lastKnownFileType = sourcecode.c.objc; name = CDVJpegHeaderWriter.m; path = "cordova-plugin-camera/CDVJpegHeaderWriter.m"; sourceTree = "<group>"; };
		2CDD938D999A4841BD3C38D1 /* UNUserNotificationCenter+OneSignal.h */ = {isa = PBXFileReference; explicitFileType = undefined; fileEncoding = 4; includeInIndex = 0; lastKnownFileType = sourcecode.c.h; name = "UNUserNotificationCenter+OneSignal.h"; path = "onesignal-cordova-plugin/UNUserNotificationCenter+OneSignal.h"; sourceTree = "<group>"; };
		301BF52D109A57CC0062928A /* CordovaLib.xcodeproj */ = {isa = PBXFileReference; lastKnownFileType = "wrapper.pb-project"; name = CordovaLib.xcodeproj; path = CordovaLib/CordovaLib.xcodeproj; sourceTree = "<group>"; };
		301BF56E109A69640062928A /* www */ = {isa = PBXFileReference; lastKnownFileType = folder; path = www; sourceTree = SOURCE_ROOT; };
		302D95EE14D2391D003F00A1 /* MainViewController.h */ = {isa = PBXFileReference; fileEncoding = 4; lastKnownFileType = sourcecode.c.h; path = MainViewController.h; sourceTree = "<group>"; };
		302D95EF14D2391D003F00A1 /* MainViewController.m */ = {isa = PBXFileReference; fileEncoding = 4; lastKnownFileType = sourcecode.c.objc; path = MainViewController.m; sourceTree = "<group>"; };
		302D95F014D2391D003F00A1 /* MainViewController.xib */ = {isa = PBXFileReference; fileEncoding = 4; lastKnownFileType = file.xib; path = MainViewController.xib; sourceTree = "<group>"; };
		3047A50F1AB8059700498E2A /* build-debug.xcconfig */ = {isa = PBXFileReference; fileEncoding = 4; lastKnownFileType = text.xcconfig; name = "build-debug.xcconfig"; path = "cordova/build-debug.xcconfig"; sourceTree = SOURCE_ROOT; };
		3047A5101AB8059700498E2A /* build-release.xcconfig */ = {isa = PBXFileReference; fileEncoding = 4; lastKnownFileType = text.xcconfig; name = "build-release.xcconfig"; path = "cordova/build-release.xcconfig"; sourceTree = SOURCE_ROOT; };
		3047A5111AB8059700498E2A /* build.xcconfig */ = {isa = PBXFileReference; fileEncoding = 4; lastKnownFileType = text.xcconfig; name = build.xcconfig; path = cordova/build.xcconfig; sourceTree = SOURCE_ROOT; };
		31351F53B03147899EE058C2 /* LocalAuthentication.framework */ = {isa = PBXFileReference; explicitFileType = undefined; fileEncoding = 9; includeInIndex = 0; lastKnownFileType = wrapper.framework; name = LocalAuthentication.framework; path = System/Library/Frameworks/LocalAuthentication.framework; sourceTree = SDKROOT; };
		3218AF5D6FA348F0BB5796D6 /* OneSignalJailbreakDetection.m */ = {isa = PBXFileReference; explicitFileType = undefined; fileEncoding = 4; includeInIndex = 0; lastKnownFileType = sourcecode.c.objc; name = OneSignalJailbreakDetection.m; path = "onesignal-cordova-plugin/OneSignalJailbreakDetection.m"; sourceTree = "<group>"; };
		32CA4F630368D1EE00C91783 /* Sensor DB-Prefix.pch */ = {isa = PBXFileReference; fileEncoding = 4; lastKnownFileType = sourcecode.c.h; path = "Sensor DB-Prefix.pch"; sourceTree = "<group>"; };
		379867AD769F4CDF901280D8 /* CDVGyroscope.m */ = {isa = PBXFileReference; explicitFileType = undefined; fileEncoding = 4; includeInIndex = 0; lastKnownFileType = sourcecode.c.objc; name = CDVGyroscope.m; path = "cordova-plugin-gyroscope/CDVGyroscope.m"; sourceTree = "<group>"; };
		41A49A59F4D24DE5B33B0EBE /* OneSignalMobileProvision.h */ = {isa = PBXFileReference; explicitFileType = undefined; fileEncoding = 4; includeInIndex = 0; lastKnownFileType = sourcecode.c.h; name = OneSignalMobileProvision.h; path = "onesignal-cordova-plugin/OneSignalMobileProvision.h"; sourceTree = "<group>"; };
		511572057AA74970B215E336 /* UNUserNotificationCenter+OneSignal.m */ = {isa = PBXFileReference; explicitFileType = undefined; fileEncoding = 4; includeInIndex = 0; lastKnownFileType = sourcecode.c.objc; name = "UNUserNotificationCenter+OneSignal.m"; path = "onesignal-cordova-plugin/UNUserNotificationCenter+OneSignal.m"; sourceTree = "<group>"; };
		5116684F47EE46FDB0AD4C07 /* OneSignalTrackIAP.m */ = {isa = PBXFileReference; explicitFileType = undefined; fileEncoding = 4; includeInIndex = 0; lastKnownFileType = sourcecode.c.objc; name = OneSignalTrackIAP.m; path = "onesignal-cordova-plugin/OneSignalTrackIAP.m"; sourceTree = "<group>"; };
		569C460B102B4791A6C607B3 /* CDVCapture.h */ = {isa = PBXFileReference; explicitFileType = undefined; fileEncoding = 4; includeInIndex = 0; lastKnownFileType = sourcecode.c.h; name = CDVCapture.h; path = "cordova-plugin-media-capture/CDVCapture.h"; sourceTree = "<group>"; };
		5A26E25BFF614A3B8ECD5934 /* OneSignalHelper.h */ = {isa = PBXFileReference; explicitFileType = undefined; fileEncoding = 4; includeInIndex = 0; lastKnownFileType = sourcecode.c.h; name = OneSignalHelper.h; path = "onesignal-cordova-plugin/OneSignalHelper.h"; sourceTree = "<group>"; };
		5F676FDB8BDE4DCA81FAED0F /* OneSignal.m */ = {isa = PBXFileReference; explicitFileType = undefined; fileEncoding = 4; includeInIndex = 0; lastKnownFileType = sourcecode.c.objc; name = OneSignal.m; path = "onesignal-cordova-plugin/OneSignal.m"; sourceTree = "<group>"; };
		6AFF5BF81D6E424B00AB3073 /* CDVLaunchScreen.storyboard */ = {isa = PBXFileReference; fileEncoding = 4; lastKnownFileType = file.storyboard; name = CDVLaunchScreen.storyboard; path = "Sensor DB/CDVLaunchScreen.storyboard"; sourceTree = SOURCE_ROOT; };
		713F955403CF4EA683B6E34C /* CoreLocation.framework */ = {isa = PBXFileReference; explicitFileType = undefined; fileEncoding = 9; includeInIndex = 0; lastKnownFileType = wrapper.framework; name = CoreLocation.framework; path = System/Library/Frameworks/CoreLocation.framework; sourceTree = SDKROOT; };
		7645E890AAAC4D23A71A2ADB /* CDVCamera.m */ = {isa = PBXFileReference; explicitFileType = undefined; fileEncoding = 4; includeInIndex = 0; lastKnownFileType = sourcecode.c.objc; name = CDVCamera.m; path = "cordova-plugin-camera/CDVCamera.m"; sourceTree = "<group>"; };
		7900618D98424233A2014275 /* OneSignalHTTPClient.h */ = {isa = PBXFileReference; explicitFileType = undefined; fileEncoding = 4; includeInIndex = 0; lastKnownFileType = sourcecode.c.h; name = OneSignalHTTPClient.h; path = "onesignal-cordova-plugin/OneSignalHTTPClient.h"; sourceTree = "<group>"; };
		7E5871D1F04749E2BDF49213 /* NSObject+Extras.m */ = {isa = PBXFileReference; explicitFileType = undefined; fileEncoding = 4; includeInIndex = 0; lastKnownFileType = sourcecode.c.objc; name = "NSObject+Extras.m"; path = "onesignal-cordova-plugin/NSObject+Extras.m"; sourceTree = "<group>"; };
		7E99854A2A3E4A949712FD4C /* CDVFile.m */ = {isa = PBXFileReference; explicitFileType = undefined; fileEncoding = 4; includeInIndex = 0; lastKnownFileType = sourcecode.c.objc; name = CDVFile.m; path = "cordova-plugin-file/CDVFile.m"; sourceTree = "<group>"; };
		80B9F585F91543F0B34F87A1 /* TouchID.h */ = {isa = PBXFileReference; explicitFileType = undefined; fileEncoding = 4; includeInIndex = 0; lastKnownFileType = sourcecode.c.h; name = TouchID.h; path = "cordova-plugin-touch-id/TouchID.h"; sourceTree = "<group>"; };
		8968E4779A254246995AAACF /* CDVExif.h */ = {isa = PBXFileReference; explicitFileType = undefined; fileEncoding = 4; includeInIndex = 0; lastKnownFileType = sourcecode.c.h; name = CDVExif.h; path = "cordova-plugin-camera/CDVExif.h"; sourceTree = "<group>"; };
		8D1107310486CEB800E47090 /* Sensor DB-Info.plist */ = {isa = PBXFileReference; fileEncoding = 4; lastKnownFileType = text.plist.xml; name = "Sensor DB-Info.plist"; path = "Sensor DB/Sensor DB-Info.plist"; plistStructureDefinitionIdentifier = "com.apple.xcode.plist.structure-definition.iphone.info-plist"; sourceTree = SOURCE_ROOT; };
		8D6E830BC799420FB9E09DEB /* OneSignalHTTPClient.m */ = {isa = PBXFileReference; explicitFileType = undefined; fileEncoding = 4; includeInIndex = 0; lastKnownFileType = sourcecode.c.objc; name = OneSignalHTTPClient.m; path = "onesignal-cordova-plugin/OneSignalHTTPClient.m"; sourceTree = "<group>"; };
		8E7D61761C4847579426423F /* CoreMotion.framework */ = {isa = PBXFileReference; explicitFileType = undefined; fileEncoding = 9; includeInIndex = 0; lastKnownFileType = wrapper.framework; name = CoreMotion.framework; path = System/Library/Frameworks/CoreMotion.framework; sourceTree = SDKROOT; };
		947816EA1C2F4007B825BDE2 /* NSObject+Extras.h */ = {isa = PBXFileReference; explicitFileType = undefined; fileEncoding = 4; includeInIndex = 0; lastKnownFileType = sourcecode.c.h; name = "NSObject+Extras.h"; path = "onesignal-cordova-plugin/NSObject+Extras.h"; sourceTree = "<group>"; };
		98E7C01AA4F74A88A980152B /* OneSignal.h */ = {isa = PBXFileReference; explicitFileType = undefined; fileEncoding = 4; includeInIndex = 0; lastKnownFileType = sourcecode.c.h; name = OneSignal.h; path = "onesignal-cordova-plugin/OneSignal.h"; sourceTree = "<group>"; };
		9F3BCFE8143944B99DA91D1E /* OneSignalLocation.m */ = {isa = PBXFileReference; explicitFileType = undefined; fileEncoding = 4; includeInIndex = 0; lastKnownFileType = sourcecode.c.objc; name = OneSignalLocation.m; path = "onesignal-cordova-plugin/OneSignalLocation.m"; sourceTree = "<group>"; };
		9F80A3D71D5A44459B2C6E85 /* CDVAssetLibraryFilesystem.h */ = {isa = PBXFileReference; explicitFileType = undefined; fileEncoding = 4; includeInIndex = 0; lastKnownFileType = sourcecode.c.h; name = CDVAssetLibraryFilesystem.h; path = "cordova-plugin-file/CDVAssetLibraryFilesystem.h"; sourceTree = "<group>"; };
		A88410C118E445169FAC5E28 /* OneSignalSelectorHelpers.h */ = {isa = PBXFileReference; explicitFileType = undefined; fileEncoding = 4; includeInIndex = 0; lastKnownFileType = sourcecode.c.h; name = OneSignalSelectorHelpers.h; path = "onesignal-cordova-plugin/OneSignalSelectorHelpers.h"; sourceTree = "<group>"; };
		A9C1E82A913644B3915C5DC1 /* CDVCompass.m */ = {isa = PBXFileReference; explicitFileType = undefined; fileEncoding = 4; includeInIndex = 0; lastKnownFileType = sourcecode.c.objc; name = CDVCompass.m; path = "cordova-plugin-device-orientation/CDVCompass.m"; sourceTree = "<group>"; };
		AAB04755AABD4B7F818B381D /* CDVFile.h */ = {isa = PBXFileReference; explicitFileType = undefined; fileEncoding = 4; includeInIndex = 0; lastKnownFileType = sourcecode.c.h; name = CDVFile.h; path = "cordova-plugin-file/CDVFile.h"; sourceTree = "<group>"; };
		AD46DC6564934F6A8FD977B0 /* CDVLocalFilesystem.m */ = {isa = PBXFileReference; explicitFileType = undefined; fileEncoding = 4; includeInIndex = 0; lastKnownFileType = sourcecode.c.objc; name = CDVLocalFilesystem.m; path = "cordova-plugin-file/CDVLocalFilesystem.m"; sourceTree = "<group>"; };
		B45ADB9001774CF9BCA96374 /* OneSignalAlertViewDelegate.m */ = {isa = PBXFileReference; explicitFileType = undefined; fileEncoding = 4; includeInIndex = 0; lastKnownFileType = sourcecode.c.objc; name = OneSignalAlertViewDelegate.m; path = "onesignal-cordova-plugin/OneSignalAlertViewDelegate.m"; sourceTree = "<group>"; };
		B9E7668E1FDD4D8CB6C12DB2 /* OneSignalTracker.h */ = {isa = PBXFileReference; explicitFileType = undefined; fileEncoding = 4; includeInIndex = 0; lastKnownFileType = sourcecode.c.h; name = OneSignalTracker.h; path = "onesignal-cordova-plugin/OneSignalTracker.h"; sourceTree = "<group>"; };
		BA3F636B63BC44F7901454DE /* NSString+Hash.h */ = {isa = PBXFileReference; explicitFileType = undefined; fileEncoding = 4; includeInIndex = 0; lastKnownFileType = sourcecode.c.h; name = "NSString+Hash.h"; path = "onesignal-cordova-plugin/NSString+Hash.h"; sourceTree = "<group>"; };
		BA4F608D1253491D8EDC889E /* CDVCamera.h */ = {isa = PBXFileReference; explicitFileType = undefined; fileEncoding = 4; includeInIndex = 0; lastKnownFileType = sourcecode.c.h; name = CDVCamera.h; path = "cordova-plugin-camera/CDVCamera.h"; sourceTree = "<group>"; };
		BA9703ED572942FEB32BFF0E /* OneSignalReachability.m */ = {isa = PBXFileReference; explicitFileType = undefined; fileEncoding = 4; includeInIndex = 0; lastKnownFileType = sourcecode.c.objc; name = OneSignalReachability.m; path = "onesignal-cordova-plugin/OneSignalReachability.m"; sourceTree = "<group>"; };
		BB4B1836C1C94EB8AEEFFF53 /* OneSignalWebView.m */ = {isa = PBXFileReference; explicitFileType = undefined; fileEncoding = 4; includeInIndex = 0; lastKnownFileType = sourcecode.c.objc; name = OneSignalWebView.m; path = "onesignal-cordova-plugin/OneSignalWebView.m"; sourceTree = "<group>"; };
		BCC9F2B2B146410190CAE5A6 /* OneSignalSelectorHelpers.m */ = {isa = PBXFileReference; explicitFileType = undefined; fileEncoding = 4; includeInIndex = 0; lastKnownFileType = sourcecode.c.objc; name = OneSignalSelectorHelpers.m; path = "onesignal-cordova-plugin/OneSignalSelectorHelpers.m"; sourceTree = "<group>"; };
		C46C06CAF89E4310BA72420D /* OneSignalJailbreakDetection.h */ = {isa = PBXFileReference; explicitFileType = undefined; fileEncoding = 4; includeInIndex = 0; lastKnownFileType = sourcecode.c.h; name = OneSignalJailbreakDetection.h; path = "onesignal-cordova-plugin/OneSignalJailbreakDetection.h"; sourceTree = "<group>"; };
		C56FA67B36FC472B96B813E3 /* OneSignalLocation.h */ = {isa = PBXFileReference; explicitFileType = undefined; fileEncoding = 4; includeInIndex = 0; lastKnownFileType = sourcecode.c.h; name = OneSignalLocation.h; path = "onesignal-cordova-plugin/OneSignalLocation.h"; sourceTree = "<group>"; };
		C5CD9104164F435FACE2390A /* UIImage+CropScaleOrientation.h */ = {isa = PBXFileReference; explicitFileType = undefined; fileEncoding = 4; includeInIndex = 0; lastKnownFileType = sourcecode.c.h; name = "UIImage+CropScaleOrientation.h"; path = "cordova-plugin-camera/UIImage+CropScaleOrientation.h"; sourceTree = "<group>"; };
		C940C0CA7E774927B6A9DE7D /* OneSignalHelper.m */ = {isa = PBXFileReference; explicitFileType = undefined; fileEncoding = 4; includeInIndex = 0; lastKnownFileType = sourcecode.c.objc; name = OneSignalHelper.m; path = "onesignal-cordova-plugin/OneSignalHelper.m"; sourceTree = "<group>"; };
		CEDDA8E01E8441C8AFEAA783 /* OneSignal-Prefix.pch */ = {isa = PBXFileReference; explicitFileType = undefined; fileEncoding = 4; includeInIndex = 0; lastKnownFileType = sourcecode.c.h; name = "OneSignal-Prefix.pch"; path = "onesignal-cordova-plugin/OneSignal-Prefix.pch"; sourceTree = "<group>"; };
		D3A226B48D59411C8D776C81 /* OneSignalMobileProvision.m */ = {isa = PBXFileReference; explicitFileType = undefined; fileEncoding = 4; includeInIndex = 0; lastKnownFileType = sourcecode.c.objc; name = OneSignalMobileProvision.m; path = "onesignal-cordova-plugin/OneSignalMobileProvision.m"; sourceTree = "<group>"; };
		D41EB4D19B62444CADA8B718 /* ImageIO.framework */ = {isa = PBXFileReference; explicitFileType = undefined; fileEncoding = 9; includeInIndex = 0; lastKnownFileType = wrapper.framework; name = ImageIO.framework; path = System/Library/Frameworks/ImageIO.framework; sourceTree = SDKROOT; };
		D991E8FD10D344368C510351 /* TouchID.m */ = {isa = PBXFileReference; explicitFileType = undefined; fileEncoding = 4; includeInIndex = 0; lastKnownFileType = sourcecode.c.objc; name = TouchID.m; path = "cordova-plugin-touch-id/TouchID.m"; sourceTree = "<group>"; };
		DA3CE5983412499A8B8A5288 /* OneSignalReachability.h */ = {isa = PBXFileReference; explicitFileType = undefined; fileEncoding = 4; includeInIndex = 0; lastKnownFileType = sourcecode.c.h; name = OneSignalReachability.h; path = "onesignal-cordova-plugin/OneSignalReachability.h"; sourceTree = "<group>"; };
		DE8696AB9A6E4C9BAE214A4A /* UIImage+CropScaleOrientation.m */ = {isa = PBXFileReference; explicitFileType = undefined; fileEncoding = 4; includeInIndex = 0; lastKnownFileType = sourcecode.c.objc; name = "UIImage+CropScaleOrientation.m"; path = "cordova-plugin-camera/UIImage+CropScaleOrientation.m"; sourceTree = "<group>"; };
		E59A1CFAB36D4778A8939343 /* NSString+Hash.m */ = {isa = PBXFileReference; explicitFileType = undefined; fileEncoding = 4; includeInIndex = 0; lastKnownFileType = sourcecode.c.objc; name = "NSString+Hash.m"; path = "onesignal-cordova-plugin/NSString+Hash.m"; sourceTree = "<group>"; };
		E97156A7A81847AFA9B77BA6 /* CDVLocalFilesystem.h */ = {isa = PBXFileReference; explicitFileType = undefined; fileEncoding = 4; includeInIndex = 0; lastKnownFileType = sourcecode.c.h; name = CDVLocalFilesystem.h; path = "cordova-plugin-file/CDVLocalFilesystem.h"; sourceTree = "<group>"; };
		EB87FDF31871DA8E0020F90C /* www */ = {isa = PBXFileReference; lastKnownFileType = folder; name = www; path = ../../www; sourceTree = "<group>"; };
		EB87FDF41871DAF40020F90C /* config.xml */ = {isa = PBXFileReference; lastKnownFileType = text.xml; name = config.xml; path = ../../config.xml; sourceTree = "<group>"; };
		ED33DF2A687741AEAF9F8254 /* Bridging-Header.h */ = {isa = PBXFileReference; fileEncoding = 4; lastKnownFileType = sourcecode.c.h; path = "Bridging-Header.h"; sourceTree = "<group>"; };
		F031E4CD536F4637AF34D007 /* CDVAssetLibraryFilesystem.m */ = {isa = PBXFileReference; explicitFileType = undefined; fileEncoding = 4; includeInIndex = 0; lastKnownFileType = sourcecode.c.objc; name = CDVAssetLibraryFilesystem.m; path = "cordova-plugin-file/CDVAssetLibraryFilesystem.m"; sourceTree = "<group>"; };
		F1B68776BDE74E6EB7A5170C /* CDVCompass.h */ = {isa = PBXFileReference; explicitFileType = undefined; fileEncoding = 4; includeInIndex = 0; lastKnownFileType = sourcecode.c.h; name = CDVCompass.h; path = "cordova-plugin-device-orientation/CDVCompass.h"; sourceTree = "<group>"; };
		F43C0F68E15B48F89A385B00 /* CDVCapture.bundle */ = {isa = PBXFileReference; explicitFileType = undefined; fileEncoding = 9; includeInIndex = 0; lastKnownFileType = "wrapper.plug-in"; path = CDVCapture.bundle; sourceTree = "<group>"; };
		F840E1F0165FE0F500CFE078 /* config.xml */ = {isa = PBXFileReference; lastKnownFileType = text.xml; name = config.xml; path = "Sensor DB/config.xml"; sourceTree = "<group>"; };
		FBCFDB3609054905B5D00D14 /* OneSignalTrackIAP.h */ = {isa = PBXFileReference; explicitFileType = undefined; fileEncoding = 4; includeInIndex = 0; lastKnownFileType = sourcecode.c.h; name = OneSignalTrackIAP.h; path = "onesignal-cordova-plugin/OneSignalTrackIAP.h"; sourceTree = "<group>"; };
		FDD7032103354C478F4B9C68 /* OneSignalPush.h */ = {isa = PBXFileReference; explicitFileType = undefined; fileEncoding = 4; includeInIndex = 0; lastKnownFileType = sourcecode.c.h; name = OneSignalPush.h; path = "onesignal-cordova-plugin/OneSignalPush.h"; sourceTree = "<group>"; };
		FE23648AAE0E4E4BB917B168 /* SystemConfiguration.framework */ = {isa = PBXFileReference; explicitFileType = undefined; fileEncoding = 9; includeInIndex = 0; lastKnownFileType = wrapper.framework; name = SystemConfiguration.framework; path = System/Library/Frameworks/SystemConfiguration.framework; sourceTree = SDKROOT; };
/* End PBXFileReference section */

/* Begin PBXFrameworksBuildPhase section */
		1D60588F0D05DD3D006BFB54 /* Frameworks */ = {
			isa = PBXFrameworksBuildPhase;
			buildActionMask = 2147483647;
			files = (
				301BF552109A68D80062928A /* libCordova.a in Frameworks */,
				7BDCF87CBBFC4D4186BA401E /* ImageIO.framework in Frameworks */,
				6BEFBC1D22844E1080707857 /* CoreLocation.framework in Frameworks */,
				13053074DD494086AAEAEE5D /* AVFoundation.framework in Frameworks */,
				CB341C13337F4F91B5A4938D /* CoreMotion.framework in Frameworks */,
				3D90C2FC4A6740B193A5A282 /* LocalAuthentication.framework in Frameworks */,
				C82D7AEAB4AB42BBBD3CC527 /* Security.framework in Frameworks */,
				53D13B75B0B3430E92C29568 /* SystemConfiguration.framework in Frameworks */,
			);
			runOnlyForDeploymentPostprocessing = 0;
		};
/* End PBXFrameworksBuildPhase section */

/* Begin PBXGroup section */
		080E96DDFE201D6D7F000001 /* Classes */ = {
			isa = PBXGroup;
			children = (
				302D95EE14D2391D003F00A1 /* MainViewController.h */,
				302D95EF14D2391D003F00A1 /* MainViewController.m */,
				302D95F014D2391D003F00A1 /* MainViewController.xib */,
				1D3623240D0F684500981E51 /* AppDelegate.h */,
				1D3623250D0F684500981E51 /* AppDelegate.m */,
			);
			name = Classes;
			path = "Sensor DB/Classes";
			sourceTree = SOURCE_ROOT;
		};
		19C28FACFE9D520D11CA2CBB /* Products */ = {
			isa = PBXGroup;
			children = (
				1D6058910D05DD3D006BFB54 /* Sensor DB.app */,
			);
			name = Products;
			sourceTree = "<group>";
		};
		29B97314FDCFA39411CA2CEA /* CustomTemplate */ = {
			isa = PBXGroup;
			children = (
				EB87FDF41871DAF40020F90C /* config.xml */,
				EB87FDF31871DA8E0020F90C /* www */,
				EB87FDF11871DA420020F90C /* Staging */,
				301BF52D109A57CC0062928A /* CordovaLib.xcodeproj */,
				080E96DDFE201D6D7F000001 /* Classes */,
				307C750510C5A3420062BCA9 /* Plugins */,
				29B97315FDCFA39411CA2CEA /* Other Sources */,
				29B97317FDCFA39411CA2CEA /* Resources */,
				29B97323FDCFA39411CA2CEA /* Frameworks */,
				19C28FACFE9D520D11CA2CBB /* Products */,
			);
			name = CustomTemplate;
			sourceTree = "<group>";
		};
		29B97315FDCFA39411CA2CEA /* Other Sources */ = {
			isa = PBXGroup;
			children = (
				32CA4F630368D1EE00C91783 /* Sensor DB-Prefix.pch */,
				29B97316FDCFA39411CA2CEA /* main.m */,
				ED33DF2A687741AEAF9F8254 /* Bridging-Header.h */,
			);
			name = "Other Sources";
			path = "Sensor DB";
			sourceTree = "<group>";
		};
		29B97317FDCFA39411CA2CEA /* Resources */ = {
			isa = PBXGroup;
			children = (
				0207DA571B56EA530066E2B4 /* Images.xcassets */,
				3047A50E1AB8057F00498E2A /* config */,
				8D1107310486CEB800E47090 /* Sensor DB-Info.plist */,
				6AFF5BF81D6E424B00AB3073 /* CDVLaunchScreen.storyboard */,
				F43C0F68E15B48F89A385B00 /* CDVCapture.bundle */,
			);
			name = Resources;
			path = "Sensor DB/Resources";
			sourceTree = "<group>";
		};
		29B97323FDCFA39411CA2CEA /* Frameworks */ = {
			isa = PBXGroup;
			children = (
				D41EB4D19B62444CADA8B718 /* ImageIO.framework */,
				713F955403CF4EA683B6E34C /* CoreLocation.framework */,
				0D4C8E9966914B449DEF09BF /* AVFoundation.framework */,
				8E7D61761C4847579426423F /* CoreMotion.framework */,
				31351F53B03147899EE058C2 /* LocalAuthentication.framework */,
				27AAD0189E1E436FBDE434C0 /* Security.framework */,
				FE23648AAE0E4E4BB917B168 /* SystemConfiguration.framework */,
			);
			name = Frameworks;
			sourceTree = "<group>";
		};
		301BF52E109A57CC0062928A /* Products */ = {
			isa = PBXGroup;
			children = (
				301BF535109A57CC0062928A /* libCordova.a */,
			);
			name = Products;
			sourceTree = "<group>";
		};
		3047A50E1AB8057F00498E2A /* config */ = {
			isa = PBXGroup;
			children = (
				3047A50F1AB8059700498E2A /* build-debug.xcconfig */,
				3047A5101AB8059700498E2A /* build-release.xcconfig */,
				3047A5111AB8059700498E2A /* build.xcconfig */,
			);
			name = config;
			sourceTree = "<group>";
		};
		307C750510C5A3420062BCA9 /* Plugins */ = {
			isa = PBXGroup;
			children = (
				DE8696AB9A6E4C9BAE214A4A /* UIImage+CropScaleOrientation.m */,
				7645E890AAAC4D23A71A2ADB /* CDVCamera.m */,
				2A2890BDF7314228BA56F6FB /* CDVJpegHeaderWriter.m */,
				C5CD9104164F435FACE2390A /* UIImage+CropScaleOrientation.h */,
				BA4F608D1253491D8EDC889E /* CDVCamera.h */,
				0238B7EFA46C44CA9B84EAEE /* CDVJpegHeaderWriter.h */,
				8968E4779A254246995AAACF /* CDVExif.h */,
				A9C1E82A913644B3915C5DC1 /* CDVCompass.m */,
				F1B68776BDE74E6EB7A5170C /* CDVCompass.h */,
				7E99854A2A3E4A949712FD4C /* CDVFile.m */,
				AD46DC6564934F6A8FD977B0 /* CDVLocalFilesystem.m */,
				F031E4CD536F4637AF34D007 /* CDVAssetLibraryFilesystem.m */,
				AAB04755AABD4B7F818B381D /* CDVFile.h */,
				E97156A7A81847AFA9B77BA6 /* CDVLocalFilesystem.h */,
				9F80A3D71D5A44459B2C6E85 /* CDVAssetLibraryFilesystem.h */,
				379867AD769F4CDF901280D8 /* CDVGyroscope.m */,
				264D05DC1EF04FD49BCCAD79 /* CDVGyroscope.h */,
				1016650A86834D9DAB53E001 /* CDVCapture.m */,
				569C460B102B4791A6C607B3 /* CDVCapture.h */,
				D991E8FD10D344368C510351 /* TouchID.m */,
				80B9F585F91543F0B34F87A1 /* TouchID.h */,
				FDD7032103354C478F4B9C68 /* OneSignalPush.h */,
				A88410C118E445169FAC5E28 /* OneSignalSelectorHelpers.h */,
				2CDD938D999A4841BD3C38D1 /* UNUserNotificationCenter+OneSignal.h */,
				5F676FDB8BDE4DCA81FAED0F /* OneSignal.m */,
				8D6E830BC799420FB9E09DEB /* OneSignalHTTPClient.m */,
				5116684F47EE46FDB0AD4C07 /* OneSignalTrackIAP.m */,
				3218AF5D6FA348F0BB5796D6 /* OneSignalJailbreakDetection.m */,
				BA9703ED572942FEB32BFF0E /* OneSignalReachability.m */,
				D3A226B48D59411C8D776C81 /* OneSignalMobileProvision.m */,
				9F3BCFE8143944B99DA91D1E /* OneSignalLocation.m */,
				7E5871D1F04749E2BDF49213 /* NSObject+Extras.m */,
				E59A1CFAB36D4778A8939343 /* NSString+Hash.m */,
				B45ADB9001774CF9BCA96374 /* OneSignalAlertViewDelegate.m */,
				25CCBC37B04145A6B4FE58E6 /* OneSignalTracker.m */,
				C940C0CA7E774927B6A9DE7D /* OneSignalHelper.m */,
				BB4B1836C1C94EB8AEEFFF53 /* OneSignalWebView.m */,
				2437C858457A4B12B2316285 /* OneSignalPush.m */,
				BCC9F2B2B146410190CAE5A6 /* OneSignalSelectorHelpers.m */,
				511572057AA74970B215E336 /* UNUserNotificationCenter+OneSignal.m */,
				98E7C01AA4F74A88A980152B /* OneSignal.h */,
				7900618D98424233A2014275 /* OneSignalHTTPClient.h */,
				FBCFDB3609054905B5D00D14 /* OneSignalTrackIAP.h */,
				C46C06CAF89E4310BA72420D /* OneSignalJailbreakDetection.h */,
				DA3CE5983412499A8B8A5288 /* OneSignalReachability.h */,
				41A49A59F4D24DE5B33B0EBE /* OneSignalMobileProvision.h */,
				C56FA67B36FC472B96B813E3 /* OneSignalLocation.h */,
				230182EE33334A54AE60417D /* OneSignalAlertViewDelegate.h */,
				BA3F636B63BC44F7901454DE /* NSString+Hash.h */,
				947816EA1C2F4007B825BDE2 /* NSObject+Extras.h */,
				5A26E25BFF614A3B8ECD5934 /* OneSignalHelper.h */,
				B9E7668E1FDD4D8CB6C12DB2 /* OneSignalTracker.h */,
				139781A4DCD14E7B9E3396BD /* OneSignalWebView.h */,
				CEDDA8E01E8441C8AFEAA783 /* OneSignal-Prefix.pch */,
			);
			name = Plugins;
			path = "Sensor DB/Plugins";
			sourceTree = SOURCE_ROOT;
		};
		EB87FDF11871DA420020F90C /* Staging */ = {
			isa = PBXGroup;
			children = (
				F840E1F0165FE0F500CFE078 /* config.xml */,
				301BF56E109A69640062928A /* www */,
			);
			name = Staging;
			sourceTree = "<group>";
		};
/* End PBXGroup section */

/* Begin PBXNativeTarget section */
		1D6058900D05DD3D006BFB54 /* Sensor DB */ = {
			isa = PBXNativeTarget;
			buildConfigurationList = 1D6058960D05DD3E006BFB54 /* Build configuration list for PBXNativeTarget "Sensor DB" */;
			buildPhases = (
				304B58A110DAC018002A0835 /* Copy www directory */,
				1D60588D0D05DD3D006BFB54 /* Resources */,
				1D60588E0D05DD3D006BFB54 /* Sources */,
				1D60588F0D05DD3D006BFB54 /* Frameworks */,
			);
			buildRules = (
			);
			dependencies = (
				301BF551109A68C00062928A /* PBXTargetDependency */,
			);
			name = "Sensor DB";
			productName = "Sensor DB";
			productReference = 1D6058910D05DD3D006BFB54 /* Sensor DB.app */;
			productType = "com.apple.product-type.application";
		};
/* End PBXNativeTarget section */

/* Begin PBXProject section */
		29B97313FDCFA39411CA2CEA /* Project object */ = {
			isa = PBXProject;
			attributes = {
				LastUpgradeCheck = 510;
				TargetAttributes = {
					1D6058900D05DD3D006BFB54 = {
						DevelopmentTeam = 6BSBW655NT;
					};
				};
			};
			buildConfigurationList = C01FCF4E08A954540054247B /* Build configuration list for PBXProject "Sensor DB" */;
			compatibilityVersion = "Xcode 3.2";
			developmentRegion = English;
			hasScannedForEncodings = 1;
			knownRegions = (
				en,
			);
			mainGroup = 29B97314FDCFA39411CA2CEA /* CustomTemplate */;
			projectDirPath = "";
			projectReferences = (
				{
					ProductGroup = 301BF52E109A57CC0062928A /* Products */;
					ProjectRef = 301BF52D109A57CC0062928A /* CordovaLib.xcodeproj */;
				},
			);
			projectRoot = "";
			targets = (
				1D6058900D05DD3D006BFB54 /* Sensor DB */,
			);
		};
/* End PBXProject section */

/* Begin PBXReferenceProxy section */
		301BF535109A57CC0062928A /* libCordova.a */ = {
			isa = PBXReferenceProxy;
			fileType = archive.ar;
			path = libCordova.a;
			remoteRef = 301BF534109A57CC0062928A /* PBXContainerItemProxy */;
			sourceTree = BUILT_PRODUCTS_DIR;
		};
/* End PBXReferenceProxy section */

/* Begin PBXResourcesBuildPhase section */
		1D60588D0D05DD3D006BFB54 /* Resources */ = {
			isa = PBXResourcesBuildPhase;
			buildActionMask = 2147483647;
			files = (
				302D95F214D2391D003F00A1 /* MainViewController.xib in Resources */,
				0207DA581B56EA530066E2B4 /* Images.xcassets in Resources */,
				6AFF5BF91D6E424B00AB3073 /* CDVLaunchScreen.storyboard in Resources */,
				E6519E66929840A8B88E4663 /* CDVCapture.bundle in Resources */,
			);
			runOnlyForDeploymentPostprocessing = 0;
		};
/* End PBXResourcesBuildPhase section */

/* Begin PBXShellScriptBuildPhase section */
		304B58A110DAC018002A0835 /* Copy www directory */ = {
			isa = PBXShellScriptBuildPhase;
			buildActionMask = 2147483647;
			files = (
			);
			inputPaths = (
			);
			name = "Copy www directory";
			outputPaths = (
			);
			runOnlyForDeploymentPostprocessing = 0;
			shellPath = /bin/sh;
			shellScript = "NODEJS_PATH=/usr/local/bin; NVM_NODE_PATH=~/.nvm/versions/node/`nvm version 2>/dev/null`/bin; N_NODE_PATH=`find /usr/local/n/versions/node/* -maxdepth 0 -type d 2>/dev/null | tail -1`/bin; XCODE_NODE_PATH=`xcode-select --print-path`/usr/share/xcs/Node/bin; PATH=$NODEJS_PATH:$NVM_NODE_PATH:$N_NODE_PATH:$XCODE_NODE_PATH:$PATH && node cordova/lib/copy-www-build-step.js";
			showEnvVarsInLog = 0;
		};
/* End PBXShellScriptBuildPhase section */

/* Begin PBXSourcesBuildPhase section */
		1D60588E0D05DD3D006BFB54 /* Sources */ = {
			isa = PBXSourcesBuildPhase;
			buildActionMask = 2147483647;
			files = (
				1D60589B0D05DD56006BFB54 /* main.m in Sources */,
				1D3623260D0F684500981E51 /* AppDelegate.m in Sources */,
				302D95F114D2391D003F00A1 /* MainViewController.m in Sources */,
				BB9C3BA3C2B7447180794F84 /* UIImage+CropScaleOrientation.m in Sources */,
				10E4C7E234C5449EB6B4281F /* CDVCamera.m in Sources */,
				3410DAB4D8154E8FA44D5244 /* CDVJpegHeaderWriter.m in Sources */,
				3CD88005C90C4D86A34F62D4 /* CDVCompass.m in Sources */,
				C94CBD4ADFED42FCA61F854A /* CDVFile.m in Sources */,
				1815BAD620784D85B59DC0F4 /* CDVLocalFilesystem.m in Sources */,
				1FE0D6D68409425A95F57E94 /* CDVAssetLibraryFilesystem.m in Sources */,
				9158F89D0F3D4BE39CA036D9 /* CDVGyroscope.m in Sources */,
				16E5D8781D344E309242B527 /* CDVCapture.m in Sources */,
				649E710ECE9C46D2985BE826 /* TouchID.m in Sources */,
				BF612EBBCED54AB29A6D3B85 /* OneSignalPush.h in Sources */,
				C95550F9ADBC4D53A920A3D6 /* OneSignalSelectorHelpers.h in Sources */,
				B4AA6AF9A7DE4B2D9369ED7C /* UNUserNotificationCenter+OneSignal.h in Sources */,
				19637804DEC24244901E9CC8 /* OneSignal.m in Sources */,
				DDB76EEB9D8548138224BB90 /* OneSignalHTTPClient.m in Sources */,
				A77D1E8D69CF4816B0BAC3D3 /* OneSignalTrackIAP.m in Sources */,
				3D1F5907FAD14FD8AF1D3AD8 /* OneSignalJailbreakDetection.m in Sources */,
				73FF153FBD974F3085C1B443 /* OneSignalReachability.m in Sources */,
				C1529696DDD44328BB0D6815 /* OneSignalMobileProvision.m in Sources */,
				A82AC24B54E24FDB89697C08 /* OneSignalLocation.m in Sources */,
				A107A6768E6940DCB6BC40EE /* NSObject+Extras.m in Sources */,
				AA6247B3C9A944BFB62CF537 /* NSString+Hash.m in Sources */,
				B6218DC2C6AB4C9D8D792177 /* OneSignalAlertViewDelegate.m in Sources */,
				11C9B05ED1F64BC3A79396FC /* OneSignalTracker.m in Sources */,
				63DFCEDBC6114E80B8D7062D /* OneSignalHelper.m in Sources */,
				934AB49FA50344BCB4FB6484 /* OneSignalWebView.m in Sources */,
				B0687DC8B6B040E9B89F7A1B /* OneSignalPush.m in Sources */,
				C60DE5DE972248C598806EC7 /* OneSignalSelectorHelpers.m in Sources */,
				0FAAE6E037FE4943BB25D227 /* UNUserNotificationCenter+OneSignal.m in Sources */,
			);
			runOnlyForDeploymentPostprocessing = 0;
		};
/* End PBXSourcesBuildPhase section */

/* Begin PBXTargetDependency section */
		301BF551109A68C00062928A /* PBXTargetDependency */ = {
			isa = PBXTargetDependency;
			name = CordovaLib;
			targetProxy = 301BF550109A68C00062928A /* PBXContainerItemProxy */;
		};
/* End PBXTargetDependency section */

/* Begin XCBuildConfiguration section */
		1D6058940D05DD3E006BFB54 /* Debug */ = {
			isa = XCBuildConfiguration;
			baseConfigurationReference = 3047A50F1AB8059700498E2A /* build-debug.xcconfig */;
			buildSettings = {
				ALWAYS_SEARCH_USER_PATHS = NO;
				ASSETCATALOG_COMPILER_APPICON_NAME = AppIcon;
				ASSETCATALOG_COMPILER_LAUNCHIMAGE_NAME = LaunchImage;
				CLANG_ENABLE_MODULES = YES;
				CLANG_ENABLE_OBJC_ARC = YES;
				COPY_PHASE_STRIP = NO;
				DEVELOPMENT_TEAM = 6BSBW655NT;
				GCC_DYNAMIC_NO_PIC = NO;
				GCC_OPTIMIZATION_LEVEL = 0;
				GCC_PRECOMPILE_PREFIX_HEADER = YES;
				GCC_PREFIX_HEADER = "Sensor DB/Sensor DB-Prefix.pch";
				GCC_THUMB_SUPPORT = NO;
				GCC_VERSION = "";
				INFOPLIST_FILE = "Sensor DB/Sensor DB-Info.plist";
				IPHONEOS_DEPLOYMENT_TARGET = 8.0;
				LD_RUNPATH_SEARCH_PATHS = "@executable_path/Frameworks";
				PRODUCT_NAME = "Sensor DB";
				TARGETED_DEVICE_FAMILY = "1,2";
			};
			name = Debug;
		};
		1D6058950D05DD3E006BFB54 /* Release */ = {
			isa = XCBuildConfiguration;
			baseConfigurationReference = 3047A5101AB8059700498E2A /* build-release.xcconfig */;
			buildSettings = {
				ALWAYS_SEARCH_USER_PATHS = NO;
				ASSETCATALOG_COMPILER_APPICON_NAME = AppIcon;
				ASSETCATALOG_COMPILER_LAUNCHIMAGE_NAME = LaunchImage;
				CLANG_ENABLE_MODULES = YES;
				CLANG_ENABLE_OBJC_ARC = YES;
				COPY_PHASE_STRIP = YES;
				DEVELOPMENT_TEAM = 6BSBW655NT;
				GCC_PRECOMPILE_PREFIX_HEADER = YES;
				GCC_PREFIX_HEADER = "Sensor DB/Sensor DB-Prefix.pch";
				GCC_THUMB_SUPPORT = NO;
				GCC_VERSION = "";
				INFOPLIST_FILE = "Sensor DB/Sensor DB-Info.plist";
				IPHONEOS_DEPLOYMENT_TARGET = 8.0;
				LD_RUNPATH_SEARCH_PATHS = "@executable_path/Frameworks";
				PRODUCT_NAME = "Sensor DB";
				TARGETED_DEVICE_FAMILY = "1,2";
			};
			name = Release;
		};
		C01FCF4F08A954540054247B /* Debug */ = {
			isa = XCBuildConfiguration;
			baseConfigurationReference = 3047A5111AB8059700498E2A /* build.xcconfig */;
			buildSettings = {
				CLANG_ENABLE_MODULES = YES;
				CLANG_ENABLE_OBJC_ARC = YES;
				CLANG_WARN_BOOL_CONVERSION = YES;
				CLANG_WARN_CONSTANT_CONVERSION = YES;
				CLANG_WARN_EMPTY_BODY = YES;
				CLANG_WARN_ENUM_CONVERSION = YES;
				CLANG_WARN_INT_CONVERSION = YES;
				CLANG_WARN__DUPLICATE_METHOD_MATCH = YES;
				GCC_C_LANGUAGE_STANDARD = c99;
				GCC_THUMB_SUPPORT = NO;
				GCC_VERSION = "";
				GCC_WARN_ABOUT_RETURN_TYPE = YES;
				GCC_WARN_UNDECLARED_SELECTOR = YES;
				GCC_WARN_UNINITIALIZED_AUTOS = YES;
				GCC_WARN_UNUSED_FUNCTION = YES;
				GCC_WARN_UNUSED_VARIABLE = YES;
				ONLY_ACTIVE_ARCH = YES;
				SDKROOT = iphoneos;
				SKIP_INSTALL = NO;
			};
			name = Debug;
		};
		C01FCF5008A954540054247B /* Release */ = {
			isa = XCBuildConfiguration;
			baseConfigurationReference = 3047A5111AB8059700498E2A /* build.xcconfig */;
			buildSettings = {
				CLANG_ENABLE_MODULES = YES;
				CLANG_ENABLE_OBJC_ARC = YES;
				CLANG_WARN_BOOL_CONVERSION = YES;
				CLANG_WARN_CONSTANT_CONVERSION = YES;
				CLANG_WARN_EMPTY_BODY = YES;
				CLANG_WARN_ENUM_CONVERSION = YES;
				CLANG_WARN_INT_CONVERSION = YES;
				CLANG_WARN__DUPLICATE_METHOD_MATCH = YES;
				GCC_C_LANGUAGE_STANDARD = c99;
				GCC_THUMB_SUPPORT = NO;
				GCC_VERSION = "";
				GCC_WARN_ABOUT_RETURN_TYPE = YES;
				GCC_WARN_UNDECLARED_SELECTOR = YES;
				GCC_WARN_UNINITIALIZED_AUTOS = YES;
				GCC_WARN_UNUSED_FUNCTION = YES;
				GCC_WARN_UNUSED_VARIABLE = YES;
				SDKROOT = iphoneos;
				SKIP_INSTALL = NO;
			};
			name = Release;
		};
/* End XCBuildConfiguration section */

/* Begin XCConfigurationList section */
		1D6058960D05DD3E006BFB54 /* Build configuration list for PBXNativeTarget "Sensor DB" */ = {
			isa = XCConfigurationList;
			buildConfigurations = (
				1D6058940D05DD3E006BFB54 /* Debug */,
				1D6058950D05DD3E006BFB54 /* Release */,
			);
			defaultConfigurationIsVisible = 0;
			defaultConfigurationName = Release;
		};
		C01FCF4E08A954540054247B /* Build configuration list for PBXProject "Sensor DB" */ = {
			isa = XCConfigurationList;
			buildConfigurations = (
				C01FCF4F08A954540054247B /* Debug */,
				C01FCF5008A954540054247B /* Release */,
			);
			defaultConfigurationIsVisible = 0;
			defaultConfigurationName = Release;
		};
/* End XCConfigurationList section */
	};
	rootObject = 29B97313FDCFA39411CA2CEA /* Project object */;
}
